
Microsoft Visual Studio Solution File, Format Version 12.00
# Visual Studio Version 17
VisualStudioVersion = 17.10.34928.147
MinimumVisualStudioVersion = 10.0.40219.1
Project("{FAE04EC0-301F-11D3-BF4B-00C04F79EFBC}") = "ExamenCCI", "ExamenCCI\ExamenCCI.csproj", "{DB6C78A6-67C7-4B64-BC97-C03D02733EDA}"
EndProject
Global
	GlobalSection(SolutionConfigurationPlatforms) = preSolution
		Debug|Any CPU = Debug|Any CPU
		Release|Any CPU = Release|Any CPU
	EndGlobalSection
	GlobalSection(ProjectConfigurationPlatforms) = postSolution
		{DB6C78A6-67C7-4B64-BC97-C03D02733EDA}.Debug|Any CPU.ActiveCfg = Debug|Any CPU
		{DB6C78A6-67C7-4B64-BC97-C03D02733EDA}.Debug|Any CPU.Build.0 = Debug|Any CPU
		{DB6C78A6-67C7-4B64-BC97-C03D02733EDA}.Release|Any CPU.ActiveCfg = Release|Any CPU
		{DB6C78A6-67C7-4B64-BC97-C03D02733EDA}.Release|Any CPU.Build.0 = Release|Any CPU
	EndGlobalSection
	GlobalSection(SolutionProperties) = preSolution
		HideSolutionNode = FALSE
	EndGlobalSection
	GlobalSection(ExtensibilityGlobals) = postSolution
		SolutionGuid = {1F2451FC-D8CB-4C78-9241-B793FD650A61}
	EndGlobalSection
EndGlobal
